[[package]]
name = "aligned"
version = "0.2.0"
source = "registry+https://github.com/rust-lang/crates.io-index"

[[package]]
name = "bare-metal"
version = "0.2.4"
source = "registry+https://github.com/rust-lang/crates.io-index"
dependencies = [
 "rustc_version 0.2.3 (registry+https://github.com/rust-lang/crates.io-index)",
]

[[package]]
name = "bitfield"
version = "0.13.1"
source = "registry+https://github.com/rust-lang/crates.io-index"

[[package]]
name = "blue-pill-tests"
version = "0.1.0"
dependencies = [
 "cortex-m 0.5.8 (registry+https://github.com/rust-lang/crates.io-index)",
 "cortex-m-rt 0.6.5 (registry+https://github.com/rust-lang/crates.io-index)",
 "cortex-m-rtfm 0.4.0-beta.2 (registry+https://github.com/rust-lang/crates.io-index)",
 "cortex-m-semihosting 0.3.2 (registry+https://github.com/rust-lang/crates.io-index)",
 "embedded-nrf24l01 0.2.0 (git+https://github.com/geomatsi/embedded-nrf24l01?branch=update-deps)",
 "hc-sr04 0.1.0 (git+https://github.com/geomatsi/hc-sr04?branch=update-wip)",
 "nb 0.1.1 (registry+https://github.com/rust-lang/crates.io-index)",
 "nrf24l01 0.0.1 (git+https://github.com/geomatsi/nrf24l01?branch=update-deps)",
 "panic-itm 0.4.0 (registry+https://github.com/rust-lang/crates.io-index)",
 "panic-semihosting 0.5.1 (registry+https://github.com/rust-lang/crates.io-index)",
 "stm32f103xx 0.10.0 (registry+https://github.com/rust-lang/crates.io-index)",
 "stm32f103xx-hal 0.1.0 (git+https://github.com/japaric/stm32f103xx-hal)",
]

[[package]]
name = "byteorder"
version = "1.2.7"
source = "registry+https://github.com/rust-lang/crates.io-index"

[[package]]
name = "cast"
version = "0.2.2"
source = "registry+https://github.com/rust-lang/crates.io-index"

[[package]]
name = "cortex-m"
version = "0.5.8"
source = "registry+https://github.com/rust-lang/crates.io-index"
dependencies = [
 "aligned 0.2.0 (registry+https://github.com/rust-lang/crates.io-index)",
 "bare-metal 0.2.4 (registry+https://github.com/rust-lang/crates.io-index)",
 "volatile-register 0.2.0 (registry+https://github.com/rust-lang/crates.io-index)",
]

[[package]]
name = "cortex-m-rt"
version = "0.5.7"
source = "registry+https://github.com/rust-lang/crates.io-index"
dependencies = [
 "cortex-m-rt 0.6.5 (registry+https://github.com/rust-lang/crates.io-index)",
 "r0 0.2.2 (registry+https://github.com/rust-lang/crates.io-index)",
]

[[package]]
name = "cortex-m-rt"
version = "0.6.5"
source = "registry+https://github.com/rust-lang/crates.io-index"
dependencies = [
 "cortex-m-rt-macros 0.1.3 (registry+https://github.com/rust-lang/crates.io-index)",
 "r0 0.2.2 (registry+https://github.com/rust-lang/crates.io-index)",
]

[[package]]
name = "cortex-m-rt-macros"
version = "0.1.3"
source = "registry+https://github.com/rust-lang/crates.io-index"
dependencies = [
 "proc-macro2 0.4.24 (registry+https://github.com/rust-lang/crates.io-index)",
 "quote 0.6.10 (registry+https://github.com/rust-lang/crates.io-index)",
 "rand 0.5.5 (registry+https://github.com/rust-lang/crates.io-index)",
 "syn 0.15.21 (registry+https://github.com/rust-lang/crates.io-index)",
]

[[package]]
name = "cortex-m-rtfm"
version = "0.4.0-beta.2"
source = "registry+https://github.com/rust-lang/crates.io-index"
dependencies = [
 "cortex-m 0.5.8 (registry+https://github.com/rust-lang/crates.io-index)",
 "cortex-m-rt 0.6.5 (registry+https://github.com/rust-lang/crates.io-index)",
 "cortex-m-rtfm-macros 0.4.0-beta.2 (registry+https://github.com/rust-lang/crates.io-index)",
 "heapless 0.4.0 (registry+https://github.com/rust-lang/crates.io-index)",
 "owned-singleton 0.1.0 (registry+https://github.com/rust-lang/crates.io-index)",
]

[[package]]
name = "cortex-m-rtfm-macros"
version = "0.4.0-beta.2"
source = "registry+https://github.com/rust-lang/crates.io-index"
dependencies = [
 "proc-macro2 0.4.24 (registry+https://github.com/rust-lang/crates.io-index)",
 "quote 0.6.10 (registry+https://github.com/rust-lang/crates.io-index)",
 "rand 0.5.5 (registry+https://github.com/rust-lang/crates.io-index)",
 "syn 0.15.21 (registry+https://github.com/rust-lang/crates.io-index)",
]

[[package]]
name = "cortex-m-semihosting"
version = "0.3.2"
source = "registry+https://github.com/rust-lang/crates.io-index"
dependencies = [
 "cortex-m 0.5.8 (registry+https://github.com/rust-lang/crates.io-index)",
]

[[package]]
name = "embedded-hal"
version = "0.2.2"
source = "registry+https://github.com/rust-lang/crates.io-index"
dependencies = [
 "nb 0.1.1 (registry+https://github.com/rust-lang/crates.io-index)",
 "void 1.0.2 (registry+https://github.com/rust-lang/crates.io-index)",
]

[[package]]
name = "embedded-nrf24l01"
version = "0.2.0"
source = "git+https://github.com/geomatsi/embedded-nrf24l01?branch=update-deps#21049d7b6494497f7164c706583de60b5a2b6f01"
dependencies = [
 "bitfield 0.13.1 (registry+https://github.com/rust-lang/crates.io-index)",
 "embedded-hal 0.2.2 (registry+https://github.com/rust-lang/crates.io-index)",
]

[[package]]
name = "generic-array"
version = "0.11.1"
source = "registry+https://github.com/rust-lang/crates.io-index"
dependencies = [
 "typenum 1.10.0 (registry+https://github.com/rust-lang/crates.io-index)",
]

[[package]]
name = "hash32"
version = "0.1.0"
source = "registry+https://github.com/rust-lang/crates.io-index"
dependencies = [
 "byteorder 1.2.7 (registry+https://github.com/rust-lang/crates.io-index)",
]

[[package]]
name = "hc-sr04"
version = "0.1.0"
source = "git+https://github.com/geomatsi/hc-sr04?branch=update-wip#9ce7de5701247c14e6bfd615abdb07bd8348dbe4"
dependencies = [
 "embedded-hal 0.2.2 (registry+https://github.com/rust-lang/crates.io-index)",
 "nb 0.1.1 (registry+https://github.com/rust-lang/crates.io-index)",
]

[[package]]
name = "heapless"
version = "0.4.0"
source = "registry+https://github.com/rust-lang/crates.io-index"
dependencies = [
 "generic-array 0.11.1 (registry+https://github.com/rust-lang/crates.io-index)",
 "hash32 0.1.0 (registry+https://github.com/rust-lang/crates.io-index)",
]

[[package]]
name = "nb"
version = "0.1.1"
source = "registry+https://github.com/rust-lang/crates.io-index"

[[package]]
name = "nrf24l01"
version = "0.0.1"
source = "git+https://github.com/geomatsi/nrf24l01?branch=update-deps#5573fdef60fb07a4ed2dd067a1ac0e7d04ae0cf3"
dependencies = [
 "embedded-hal 0.2.2 (registry+https://github.com/rust-lang/crates.io-index)",
]

[[package]]
name = "owned-singleton"
version = "0.1.0"
source = "registry+https://github.com/rust-lang/crates.io-index"
dependencies = [
 "owned-singleton-macros 0.1.0 (registry+https://github.com/rust-lang/crates.io-index)",
 "stable_deref_trait 1.1.1 (registry+https://github.com/rust-lang/crates.io-index)",
]

[[package]]
name = "owned-singleton-macros"
version = "0.1.0"
source = "registry+https://github.com/rust-lang/crates.io-index"
dependencies = [
 "proc-macro2 0.4.24 (registry+https://github.com/rust-lang/crates.io-index)",
 "quote 0.6.10 (registry+https://github.com/rust-lang/crates.io-index)",
 "rand 0.5.5 (registry+https://github.com/rust-lang/crates.io-index)",
 "syn 0.15.21 (registry+https://github.com/rust-lang/crates.io-index)",
]

[[package]]
name = "panic-itm"
version = "0.4.0"
source = "registry+https://github.com/rust-lang/crates.io-index"
dependencies = [
 "cortex-m 0.5.8 (registry+https://github.com/rust-lang/crates.io-index)",
]

[[package]]
name = "panic-semihosting"
version = "0.5.1"
source = "registry+https://github.com/rust-lang/crates.io-index"
dependencies = [
 "cortex-m 0.5.8 (registry+https://github.com/rust-lang/crates.io-index)",
 "cortex-m-semihosting 0.3.2 (registry+https://github.com/rust-lang/crates.io-index)",
]

[[package]]
name = "proc-macro2"
version = "0.4.24"
source = "registry+https://github.com/rust-lang/crates.io-index"
dependencies = [
 "unicode-xid 0.1.0 (registry+https://github.com/rust-lang/crates.io-index)",
]

[[package]]
name = "quote"
version = "0.6.10"
source = "registry+https://github.com/rust-lang/crates.io-index"
dependencies = [
 "proc-macro2 0.4.24 (registry+https://github.com/rust-lang/crates.io-index)",
]

[[package]]
name = "r0"
version = "0.2.2"
source = "registry+https://github.com/rust-lang/crates.io-index"

[[package]]
name = "rand"
version = "0.5.5"
source = "registry+https://github.com/rust-lang/crates.io-index"
dependencies = [
 "rand_core 0.2.2 (registry+https://github.com/rust-lang/crates.io-index)",
]

[[package]]
name = "rand_core"
version = "0.2.2"
source = "registry+https://github.com/rust-lang/crates.io-index"
dependencies = [
 "rand_core 0.3.0 (registry+https://github.com/rust-lang/crates.io-index)",
]

[[package]]
name = "rand_core"
version = "0.3.0"
source = "registry+https://github.com/rust-lang/crates.io-index"

[[package]]
name = "rustc_version"
version = "0.2.3"
source = "registry+https://github.com/rust-lang/crates.io-index"
dependencies = [
 "semver 0.9.0 (registry+https://github.com/rust-lang/crates.io-index)",
]

[[package]]
name = "semver"
version = "0.9.0"
source = "registry+https://github.com/rust-lang/crates.io-index"
dependencies = [
 "semver-parser 0.7.0 (registry+https://github.com/rust-lang/crates.io-index)",
]

[[package]]
name = "semver-parser"
version = "0.7.0"
source = "registry+https://github.com/rust-lang/crates.io-index"

[[package]]
name = "stable_deref_trait"
version = "1.1.1"
source = "registry+https://github.com/rust-lang/crates.io-index"

[[package]]
name = "stm32f103xx"
version = "0.10.0"
source = "registry+https://github.com/rust-lang/crates.io-index"
dependencies = [
 "bare-metal 0.2.4 (registry+https://github.com/rust-lang/crates.io-index)",
 "cortex-m 0.5.8 (registry+https://github.com/rust-lang/crates.io-index)",
 "cortex-m-rt 0.5.7 (registry+https://github.com/rust-lang/crates.io-index)",
 "vcell 0.1.0 (registry+https://github.com/rust-lang/crates.io-index)",
]

[[package]]
name = "stm32f103xx-hal"
version = "0.1.0"
source = "git+https://github.com/japaric/stm32f103xx-hal#3bca91d593f029e00da0e03aa319d6b83048205f"
dependencies = [
 "cast 0.2.2 (registry+https://github.com/rust-lang/crates.io-index)",
 "cortex-m 0.5.8 (registry+https://github.com/rust-lang/crates.io-index)",
 "cortex-m-rt 0.6.5 (registry+https://github.com/rust-lang/crates.io-index)",
 "embedded-hal 0.2.2 (registry+https://github.com/rust-lang/crates.io-index)",
 "nb 0.1.1 (registry+https://github.com/rust-lang/crates.io-index)",
 "stm32f103xx 0.10.0 (registry+https://github.com/rust-lang/crates.io-index)",
 "void 1.0.2 (registry+https://github.com/rust-lang/crates.io-index)",
]

[[package]]
name = "syn"
version = "0.15.21"
source = "registry+https://github.com/rust-lang/crates.io-index"
dependencies = [
 "proc-macro2 0.4.24 (registry+https://github.com/rust-lang/crates.io-index)",
 "quote 0.6.10 (registry+https://github.com/rust-lang/crates.io-index)",
 "unicode-xid 0.1.0 (registry+https://github.com/rust-lang/crates.io-index)",
]

[[package]]
name = "typenum"
version = "1.10.0"
source = "registry+https://github.com/rust-lang/crates.io-index"

[[package]]
name = "unicode-xid"
version = "0.1.0"
source = "registry+https://github.com/rust-lang/crates.io-index"

[[package]]
name = "vcell"
version = "0.1.0"
source = "registry+https://github.com/rust-lang/crates.io-index"

[[package]]
name = "void"
version = "1.0.2"
source = "registry+https://github.com/rust-lang/crates.io-index"

[[package]]
name = "volatile-register"
version = "0.2.0"
source = "registry+https://github.com/rust-lang/crates.io-index"
dependencies = [
 "vcell 0.1.0 (registry+https://github.com/rust-lang/crates.io-index)",
]

[metadata]
"checksum aligned 0.2.0 (registry+https://github.com/rust-lang/crates.io-index)" = "d39da9b88ae1a81c03c9c082b8db83f1d0e93914126041962af61034ab44c4a5"
"checksum bare-metal 0.2.4 (registry+https://github.com/rust-lang/crates.io-index)" = "a3caf393d93b2d453e80638d0674597020cef3382ada454faacd43d1a55a735a"
"checksum bitfield 0.13.1 (registry+https://github.com/rust-lang/crates.io-index)" = "a260ed6b9f3ca16a4389390b1b1cd15a3bc0a9d3e63b1ef39f4978cec58a4e83"
"checksum byteorder 1.2.7 (registry+https://github.com/rust-lang/crates.io-index)" = "94f88df23a25417badc922ab0f5716cc1330e87f71ddd9203b3a3ccd9cedf75d"
"checksum cast 0.2.2 (registry+https://github.com/rust-lang/crates.io-index)" = "926013f2860c46252efceabb19f4a6b308197505082c609025aa6706c011d427"
"checksum cortex-m 0.5.8 (registry+https://github.com/rust-lang/crates.io-index)" = "dab2164a0fc216781a47fc343347365112ae6917421d3fa4bac6faf0fbaaaec7"
"checksum cortex-m-rt 0.5.7 (registry+https://github.com/rust-lang/crates.io-index)" = "09fd585ab79330179866e2fdb18ad1083dada4244a72df81ecf63f012aa4f86f"
"checksum cortex-m-rt 0.6.5 (registry+https://github.com/rust-lang/crates.io-index)" = "d121b6d9989813d5e7716584b1e0644d863fd0e87f47dbb5f654444c9aa3abd1"
"checksum cortex-m-rt-macros 0.1.3 (registry+https://github.com/rust-lang/crates.io-index)" = "1474b168c0d92d716f5252afe162a4d893bae79a7121ded1b214be0c4498b829"
"checksum cortex-m-rtfm 0.4.0-beta.2 (registry+https://github.com/rust-lang/crates.io-index)" = "addee6ff9b4446fd47e82835dbf5bb3e65b2d3acc7fda74acd18be53e2a451b0"
"checksum cortex-m-rtfm-macros 0.4.0-beta.2 (registry+https://github.com/rust-lang/crates.io-index)" = "4dc6907bbff26c25a0edff115d1250df3d239be078646711f70c03f6a36a397e"
"checksum cortex-m-semihosting 0.3.2 (registry+https://github.com/rust-lang/crates.io-index)" = "d1dc2abec1a772e8bb697cad17d5710f180043caf8939820f0f6ba4b7ae2a4b5"
"checksum embedded-hal 0.2.2 (registry+https://github.com/rust-lang/crates.io-index)" = "9880e55238830314d41d88f1ac7a819d495799c3cc3bc392cc172bab26428c33"
"checksum embedded-nrf24l01 0.2.0 (git+https://github.com/geomatsi/embedded-nrf24l01?branch=update-deps)" = "<none>"
"checksum generic-array 0.11.1 (registry+https://github.com/rust-lang/crates.io-index)" = "8107dafa78c80c848b71b60133954b4a58609a3a1a5f9af037ecc7f67280f369"
"checksum hash32 0.1.0 (registry+https://github.com/rust-lang/crates.io-index)" = "12d790435639c06a7b798af9e1e331ae245b7ef915b92f70a39b4cf8c00686af"
"checksum hc-sr04 0.1.0 (git+https://github.com/geomatsi/hc-sr04?branch=update-wip)" = "<none>"
"checksum heapless 0.4.0 (registry+https://github.com/rust-lang/crates.io-index)" = "fbb98e2749c4dc1b5619f5ebe8b05d6d2cdaa18e10a4fca2ea8fc16ed532652b"
"checksum nb 0.1.1 (registry+https://github.com/rust-lang/crates.io-index)" = "69f380b5fe9fab8c0d7a6a99cda23e2cc0463bedb2cbc3aada0813b98496ecdc"
"checksum nrf24l01 0.0.1 (git+https://github.com/geomatsi/nrf24l01?branch=update-deps)" = "<none>"
"checksum owned-singleton 0.1.0 (registry+https://github.com/rust-lang/crates.io-index)" = "21aa378869c97c7db706a4c576cf0ce8258dc7e0e1ad25a97ee5aba1fd4eed83"
"checksum owned-singleton-macros 0.1.0 (registry+https://github.com/rust-lang/crates.io-index)" = "8d5c2ac071b95017bf70a5b607037fb0ef4abfa663fdf6cac8fbf36af9756ee3"
"checksum panic-itm 0.4.0 (registry+https://github.com/rust-lang/crates.io-index)" = "d2f8558d6f59b9d74b4c34588604b7d9382060218abd5ec3fc01157c97838666"
"checksum panic-semihosting 0.5.1 (registry+https://github.com/rust-lang/crates.io-index)" = "a647d81e7b00f69deac766cd96d69fc11c95c18657d2448b539ae93e4c558689"
"checksum proc-macro2 0.4.24 (registry+https://github.com/rust-lang/crates.io-index)" = "77619697826f31a02ae974457af0b29b723e5619e113e9397b8b82c6bd253f09"
"checksum quote 0.6.10 (registry+https://github.com/rust-lang/crates.io-index)" = "53fa22a1994bd0f9372d7a816207d8a2677ad0325b073f5c5332760f0fb62b5c"
"checksum r0 0.2.2 (registry+https://github.com/rust-lang/crates.io-index)" = "e2a38df5b15c8d5c7e8654189744d8e396bddc18ad48041a500ce52d6948941f"
"checksum rand 0.5.5 (registry+https://github.com/rust-lang/crates.io-index)" = "e464cd887e869cddcae8792a4ee31d23c7edd516700695608f5b98c67ee0131c"
"checksum rand_core 0.2.2 (registry+https://github.com/rust-lang/crates.io-index)" = "1961a422c4d189dfb50ffa9320bf1f2a9bd54ecb92792fb9477f99a1045f3372"
"checksum rand_core 0.3.0 (registry+https://github.com/rust-lang/crates.io-index)" = "0905b6b7079ec73b314d4c748701f6931eb79fd97c668caa3f1899b22b32c6db"
"checksum rustc_version 0.2.3 (registry+https://github.com/rust-lang/crates.io-index)" = "138e3e0acb6c9fb258b19b67cb8abd63c00679d2851805ea151465464fe9030a"
"checksum semver 0.9.0 (registry+https://github.com/rust-lang/crates.io-index)" = "1d7eb9ef2c18661902cc47e535f9bc51b78acd254da71d375c2f6720d9a40403"
"checksum semver-parser 0.7.0 (registry+https://github.com/rust-lang/crates.io-index)" = "388a1df253eca08550bef6c72392cfe7c30914bf41df5269b68cbd6ff8f570a3"
"checksum stable_deref_trait 1.1.1 (registry+https://github.com/rust-lang/crates.io-index)" = "dba1a27d3efae4351c8051072d619e3ade2820635c3958d826bfea39d59b54c8"
"checksum stm32f103xx 0.10.0 (registry+https://github.com/rust-lang/crates.io-index)" = "c0984862c7c29bd701be77ae20b77ad0bbaa7978ca48877d058b18cd3ec5342e"
"checksum stm32f103xx-hal 0.1.0 (git+https://github.com/japaric/stm32f103xx-hal)" = "<none>"
"checksum syn 0.15.21 (registry+https://github.com/rust-lang/crates.io-index)" = "816b7af21405b011a23554ea2dc3f6576dc86ca557047c34098c1d741f10f823"
"checksum typenum 1.10.0 (registry+https://github.com/rust-lang/crates.io-index)" = "612d636f949607bdf9b123b4a6f6d966dedf3ff669f7f045890d3a4a73948169"
"checksum unicode-xid 0.1.0 (registry+https://github.com/rust-lang/crates.io-index)" = "fc72304796d0818e357ead4e000d19c9c174ab23dc11093ac919054d20a6a7fc"
"checksum vcell 0.1.0 (registry+https://github.com/rust-lang/crates.io-index)" = "45c297f0afb6928cd08ab1ff9d95e99392595ea25ae1b5ecf822ff8764e57a0d"
"checksum void 1.0.2 (registry+https://github.com/rust-lang/crates.io-index)" = "6a02e4885ed3bc0f2de90ea6dd45ebcbb66dacffe03547fadbb0eeae2770887d"
"checksum volatile-register 0.2.0 (registry+https://github.com/rust-lang/crates.io-index)" = "0d67cb4616d99b940db1d6bd28844ff97108b498a6ca850e5b6191a532063286"
